github.com/alexedwards/scs/v2 v2.8.0 h1:h31yUYoycPuL0zt14c0gd+oqxfRwIj6SOjHdKRZxhEw=
github.com/alexedwards/scs/v2 v2.8.0/go.mod h1:ToaROZxyKukJKT/xLcVQAChi5k6+Pn1Gvmdl7h3RRj8=
github.com/dustinkirkland/golang-petname v0.0.0-20240428194347-eebcea082ee0 h1:aYo8nnk3ojoQkP5iErif5Xxv0Mo0Ga/FR5+ffl/7+Nk=
github.com/dustinkirkland/golang-petname v0.0.0-20240428194347-eebcea082ee0/go.mod h1:8AuBTZBRSFqEYBPYULd+NN474/zZBLP+6WeT5S9xlAc=
